
Microsoft Visual Studio Solution File, Format Version 12.00
# Visual Studio Version 16
VisualStudioVersion = 25.0.1704.0
MinimumVisualStudioVersion = 10.0.40219.1
Project("{FAE04EC0-301F-11D3-BF4B-00C04F79EFBC}") = "var2", "var2\var2.csproj", "{C34880FD-A84C-41B3-A360-83B70A2669F7}"
EndProject
Global
	GlobalSection(SolutionConfigurationPlatforms) = preSolution
		Debug|Any CPU = Debug|Any CPU
		Release|Any CPU = Release|Any CPU
	EndGlobalSection
	GlobalSection(ProjectConfigurationPlatforms) = postSolution
		{C34880FD-A84C-41B3-A360-83B70A2669F7}.Debug|Any CPU.ActiveCfg = Debug|Any CPU
		{C34880FD-A84C-41B3-A360-83B70A2669F7}.Debug|Any CPU.Build.0 = Debug|Any CPU
		{C34880FD-A84C-41B3-A360-83B70A2669F7}.Release|Any CPU.ActiveCfg = Release|Any CPU
		{C34880FD-A84C-41B3-A360-83B70A2669F7}.Release|Any CPU.Build.0 = Release|Any CPU
	EndGlobalSection
	GlobalSection(SolutionProperties) = preSolution
		HideSolutionNode = FALSE
	EndGlobalSection
	GlobalSection(ExtensibilityGlobals) = postSolution
		SolutionGuid = {66E743DD-216E-41B4-9BCA-D54B4CE61605}
	EndGlobalSection
EndGlobal
